{
  "name": ".kilocode",
  "lockfileVersion": 3,
  "requires": true,
  "packages": {
    "": {
      "dependencies": {
        "@kilocode/plugin": "*"
      }
    },
    "node_modules/@kilocode/plugin": {
      "version": "7.2.0",
      "license": "MIT",
      "dependencies": {
        "@kilocode/sdk": "7.2.0",
        "zod": "4.1.8"
      }
    },
    "node_modules/@kilocode/sdk": {
      "version": "7.2.0",
      "license": "MIT"
    },
    "node_modules/zod": {
      "version": "4.1.8",
      "license": "MIT",
      "funding": {
        "url": "https://github.com/sponsors/colinhacks"
      }
    }
  }
}
